# THIS IS AN AUTOGENERATED FILE. DO NOT EDIT THIS FILE DIRECTLY.
# yarn lockfile v1


"@sentry/browser@^6.1.0":
  version "6.1.0"
  resolved "https://registry.yarnpkg.com/@sentry/browser/-/browser-6.1.0.tgz#0e18a07b44bebed729bcf842af33203e388e2053"
  integrity sha512-t3y2TLXDWgvfknyH8eKj/9mghJfSEqItFyp74zPu1Src6kOPjkd4Sa7o4+bdkNgA8dIIOrDAhRUbB2sq4sWMCA==
  dependencies:
    "@sentry/core" "6.1.0"
    "@sentry/types" "6.1.0"
    "@sentry/utils" "6.1.0"
    tslib "^1.9.3"

"@sentry/core@6.1.0":
  version "6.1.0"
  resolved "https://registry.yarnpkg.com/@sentry/core/-/core-6.1.0.tgz#7dd4584dcaf2188a78b94b766068342e6ee65229"
  integrity sha512-57mXkp3NoyxRycXrL+Ec6bYS6UYJZp9tYX0lUp5Ry2M0FxDZ3Q4drkjr8MIQOhBaQXP2ukSX4QTVLGMPm60zMw==
  dependencies:
    "@sentry/hub" "6.1.0"
    "@sentry/minimal" "6.1.0"
    "@sentry/types" "6.1.0"
    "@sentry/utils" "6.1.0"
    tslib "^1.9.3"

"@sentry/hub@6.1.0":
  version "6.1.0"
  resolved "https://registry.yarnpkg.com/@sentry/hub/-/hub-6.1.0.tgz#fb22734c91c9d68564737996bf28b7e032e3d8ee"
  integrity sha512-JnBSCgNg3VHiMojUl5tCHU8iWPVuE+qqENIzG9A722oJms1kKWBvWl+yQzhWBNdgk5qeAY3F5UzKWJZkbJ6xow==
  dependencies:
    "@sentry/types" "6.1.0"
    "@sentry/utils" "6.1.0"
    tslib "^1.9.3"

"@sentry/minimal@6.1.0":
  version "6.1.0"
  resolved "https://registry.yarnpkg.com/@sentry/minimal/-/minimal-6.1.0.tgz#b3abf76d93b95477a3c1029db810818bdc56845f"
  integrity sha512-g6sfNKenL7wnsr/tibp8nFiMv/XRH0s0Pt4p151npmNI+SmjuUz3GGYEXk8ChCyaKldYKilkNOFdVXJxUf5gZw==
  dependencies:
    "@sentry/hub" "6.1.0"
    "@sentry/types" "6.1.0"
    tslib "^1.9.3"

"@sentry/tracing@^6.1.0":
  version "6.1.0"
  resolved "https://registry.yarnpkg.com/@sentry/tracing/-/tracing-6.1.0.tgz#cefabd0e4794fefb6a0a17478a8f09b2f1f3d889"
  integrity sha512-s6a4Ra3hHn4awiNz4fOEK6TCV2w2iLcxdppijcYEB7S/1rJpmqZgHWDicqufbOmVMOLmyKLEQ7w+pZq3TR3WgQ==
  dependencies:
    "@sentry/hub" "6.1.0"
    "@sentry/minimal" "6.1.0"
    "@sentry/types" "6.1.0"
    "@sentry/utils" "6.1.0"
    tslib "^1.9.3"

"@sentry/types@6.1.0":
  version "6.1.0"
  resolved "https://registry.yarnpkg.com/@sentry/types/-/types-6.1.0.tgz#5f9379229423ca1325acf6709e95687180f67132"
  integrity sha512-kIaN52Fw5K+2mKRaHE2YluJ+F/qMGSUzZXIFDNdC6OUMXQ4TM8gZTrITXs8CLDm7cK8iCqFCtzKOjKK6KyOKAg==

"@sentry/utils@6.1.0":
  version "6.1.0"
  resolved "https://registry.yarnpkg.com/@sentry/utils/-/utils-6.1.0.tgz#52e3d7050983e685d3a48f9d2efa1e6eb4ae3e6d"
  integrity sha512-6JAplzUOS6bEwfX0PDRZBbYRvn9EN22kZfcL0qGHtM9L0QQ5ybjbbVwOpbXgRkiZx++dQbzLFtelxnDhsbFG+Q==
  dependencies:
    "@sentry/types" "6.1.0"
    tslib "^1.9.3"

tslib@^1.9.3:
  version "1.14.1"
  resolved "https://registry.yarnpkg.com/tslib/-/tslib-1.14.1.tgz#cf2d38bdc34a134bcaf1091c41f6619e2f672d00"
  integrity sha512-Xni35NKzjgMrwevysHTCArtLDpPvye8zV/0E4EyYn43P7/7qvQwPh9BGkHewbMulVntbigmcT7rdX3BNo9wRJg==
