# THIS IS AN AUTOGENERATED FILE. DO NOT EDIT THIS FILE DIRECTLY.
# yarn lockfile v1


"@sentry/browser@^5.29.2":
  version "5.29.2"
  resolved "https://registry.yarnpkg.com/@sentry/browser/-/browser-5.29.2.tgz#51adb4005511b1a4a70e4571880fc6653d651f91"
  integrity sha512-uxZ7y7rp85tJll+RZtXRhXPbnFnOaxZqJEv05vJlXBtBNLQtlczV5iCtU9mZRLVHDtmZ5VVKUV8IKXntEqqDpQ==
  dependencies:
    "@sentry/core" "5.29.2"
    "@sentry/types" "5.29.2"
    "@sentry/utils" "5.29.2"
    tslib "^1.9.3"

"@sentry/core@5.29.2":
  version "5.29.2"
  resolved "https://registry.yarnpkg.com/@sentry/core/-/core-5.29.2.tgz#9e05fe197234161d57aabaf52fab336a7c520d81"
  integrity sha512-7WYkoxB5IdlNEbwOwqSU64erUKH4laavPsM0/yQ+jojM76ErxlgEF0u//p5WaLPRzh3iDSt6BH+9TL45oNZeZw==
  dependencies:
    "@sentry/hub" "5.29.2"
    "@sentry/minimal" "5.29.2"
    "@sentry/types" "5.29.2"
    "@sentry/utils" "5.29.2"
    tslib "^1.9.3"

"@sentry/hub@5.29.2":
  version "5.29.2"
  resolved "https://registry.yarnpkg.com/@sentry/hub/-/hub-5.29.2.tgz#208f10fe6674695575ad74182a1151f71d6df00a"
  integrity sha512-LaAIo2hwUk9ykeh9RF0cwLy6IRw+DjEee8l1HfEaDFUM6TPGlNNGObMJNXb9/95jzWp7jWwOpQjoIE3jepdQJQ==
  dependencies:
    "@sentry/types" "5.29.2"
    "@sentry/utils" "5.29.2"
    tslib "^1.9.3"

"@sentry/minimal@5.29.2":
  version "5.29.2"
  resolved "https://registry.yarnpkg.com/@sentry/minimal/-/minimal-5.29.2.tgz#420bebac8d03d30980fdb05c72d7b253d8aa541b"
  integrity sha512-0aINSm8fGA1KyM7PavOBe1GDZDxrvnKt+oFnU0L+bTcw8Lr+of+v6Kwd97rkLRNOLw621xP076dL/7LSIzMuhw==
  dependencies:
    "@sentry/hub" "5.29.2"
    "@sentry/types" "5.29.2"
    tslib "^1.9.3"

"@sentry/tracing@^5.29.2":
  version "5.29.2"
  resolved "https://registry.yarnpkg.com/@sentry/tracing/-/tracing-5.29.2.tgz#6012788547d2ab7893799d82c4941bda145dcd47"
  integrity sha512-iumYbVRpvoU3BUuIooxibydeaOOjl5ysc+mzsqhRs2NGW/C3uKAsFXdvyNfqt3bxtRQwJEhwJByLP2u3pLThpw==
  dependencies:
    "@sentry/hub" "5.29.2"
    "@sentry/minimal" "5.29.2"
    "@sentry/types" "5.29.2"
    "@sentry/utils" "5.29.2"
    tslib "^1.9.3"

"@sentry/types@5.29.2":
  version "5.29.2"
  resolved "https://registry.yarnpkg.com/@sentry/types/-/types-5.29.2.tgz#ac87383df1222c2d9b9f8f9ed7a6b86ea41a098a"
  integrity sha512-dM9wgt8wy4WRty75QkqQgrw9FV9F+BOMfmc0iaX13Qos7i6Qs2Q0dxtJ83SoR4YGtW8URaHzlDtWlGs5egBiMA==

"@sentry/utils@5.29.2":
  version "5.29.2"
  resolved "https://registry.yarnpkg.com/@sentry/utils/-/utils-5.29.2.tgz#99a5cdda2ea19d34a41932f138d470adcb3ee673"
  integrity sha512-nEwQIDjtFkeE4k6yIk4Ka5XjGRklNLThWLs2xfXlL7uwrYOH2B9UBBOOIRUraBm/g/Xrra3xsam/kRxuiwtXZQ==
  dependencies:
    "@sentry/types" "5.29.2"
    tslib "^1.9.3"

tslib@^1.9.3:
  version "1.13.0"
  resolved "https://registry.yarnpkg.com/tslib/-/tslib-1.13.0.tgz#c881e13cc7015894ed914862d276436fa9a47043"
  integrity sha512-i/6DQjL8Xf3be4K/E6Wgpekn5Qasl1usyw++dAA35Ue5orEn65VIxOA+YvNNl9HV3qv70T7CNwjODHZrLwvd1Q==
