# THIS IS AN AUTOGENERATED FILE. DO NOT EDIT THIS FILE DIRECTLY.
# yarn lockfile v1


"@sentry/browser@^5.22.0":
  version "5.24.2"
  resolved "https://registry.yarnpkg.com/@sentry/browser/-/browser-5.24.2.tgz#e2c2786dbf07699ee12f12babf0138d633abc494"
  integrity sha512-P/uZC/VrLRpU7MVEJnlZK5+AkEmuHu+mns5gC91Z4gjn7GamjR/CaXVedHGw/15ZrsQiAiwoWwuxpv4Ypd/+SA==
  dependencies:
    "@sentry/core" "5.24.2"
    "@sentry/types" "5.24.2"
    "@sentry/utils" "5.24.2"
    tslib "^1.9.3"

"@sentry/core@5.24.2":
  version "5.24.2"
  resolved "https://registry.yarnpkg.com/@sentry/core/-/core-5.24.2.tgz#1724652855c0887a690c3fc6acd2519d4072b511"
  integrity sha512-nuAwCGU1l9hgMinl5P/8nIQGRXDP2FI9cJnq5h1qiP/XIOvJkJz2yzBR6nTyqr4vBth0tvxQJbIpDNGd7vHJLg==
  dependencies:
    "@sentry/hub" "5.24.2"
    "@sentry/minimal" "5.24.2"
    "@sentry/types" "5.24.2"
    "@sentry/utils" "5.24.2"
    tslib "^1.9.3"

"@sentry/hub@5.24.2":
  version "5.24.2"
  resolved "https://registry.yarnpkg.com/@sentry/hub/-/hub-5.24.2.tgz#64a02fd487599945e488ae23aba4ce4df44ee79e"
  integrity sha512-xmO1Ivvpb5Qr9WgekinuZZlpl9Iw7iPETUe84HQOhUrXf+2gKO+LaUYMMsYSVDwXQEmR6/tTMyOtS6iavldC6w==
  dependencies:
    "@sentry/types" "5.24.2"
    "@sentry/utils" "5.24.2"
    tslib "^1.9.3"

"@sentry/minimal@5.24.2":
  version "5.24.2"
  resolved "https://registry.yarnpkg.com/@sentry/minimal/-/minimal-5.24.2.tgz#14e8b136842398a32987459f0574359b6dc57a1f"
  integrity sha512-biFpux5bI3R8xiD/Zzvrk1kRE6bqPtfWXmZYAHRtaUMCAibprTKSY9Ta8QYHynOAEoJ5Akedy6HUsEkK5DoZfA==
  dependencies:
    "@sentry/hub" "5.24.2"
    "@sentry/types" "5.24.2"
    tslib "^1.9.3"

"@sentry/types@5.24.2":
  version "5.24.2"
  resolved "https://registry.yarnpkg.com/@sentry/types/-/types-5.24.2.tgz#e2c25d1e75d8dbec5dbbd9a309a321425b61c2ca"
  integrity sha512-HcOK00R0tQG5vzrIrqQ0jC28+z76jWSgQCzXiessJ5SH/9uc6NzdO7sR7K8vqMP2+nweCHckFohC8G0T1DLzuQ==

"@sentry/utils@5.24.2":
  version "5.24.2"
  resolved "https://registry.yarnpkg.com/@sentry/utils/-/utils-5.24.2.tgz#90b7dff939bbbf4bb8edcac6aac2d04a0552af80"
  integrity sha512-oPGde4tNEDHKk0Cg9q2p0qX649jLDUOwzJXHKpd0X65w3A6eJByDevMr8CSzKV9sesjrUpxqAv6f9WWlz185tA==
  dependencies:
    "@sentry/types" "5.24.2"
    tslib "^1.9.3"

tslib@^1.9.3:
  version "1.13.0"
  resolved "https://registry.yarnpkg.com/tslib/-/tslib-1.13.0.tgz#c881e13cc7015894ed914862d276436fa9a47043"
  integrity sha512-i/6DQjL8Xf3be4K/E6Wgpekn5Qasl1usyw++dAA35Ue5orEn65VIxOA+YvNNl9HV3qv70T7CNwjODHZrLwvd1Q==
